
Microsoft Visual Studio Solution File, Format Version 12.00
# Visual Studio Version 16
VisualStudioVersion = 16.0.28729.10
MinimumVisualStudioVersion = 10.0.40219.1
Project("{8BC9CEB8-8B4A-11D0-8D11-00A0C91BC942}") = "gz2dbf", "gz2dbf\gz2dbf.vcxproj", "{F5AE799A-C8F6-4631-AF55-8303B37520DF}"
	ProjectSection(ProjectDependencies) = postProject
		{78882255-74B9-4DED-9016-EFD9A502BD5D} = {78882255-74B9-4DED-9016-EFD9A502BD5D}
	EndProjectSection
EndProject
Project("{8BC9CEB8-8B4A-11D0-8D11-00A0C91BC942}") = "Datetime", "Datetime\Datetime.vcxproj", "{43350DA7-F04F-46DF-AE4B-4ADB35D0CEF7}"
EndProject
Project("{8BC9CEB8-8B4A-11D0-8D11-00A0C91BC942}") = "agz", "agz\agz.vcxproj", "{78882255-74B9-4DED-9016-EFD9A502BD5D}"
EndProject
Project("{8BC9CEB8-8B4A-11D0-8D11-00A0C91BC942}") = "dbf2", "dbf2\dbf2.vcxproj", "{97D575BC-5375-474E-A5C6-52C9623C7104}"
	ProjectSection(ProjectDependencies) = postProject
		{43350DA7-F04F-46DF-AE4B-4ADB35D0CEF7} = {43350DA7-F04F-46DF-AE4B-4ADB35D0CEF7}
	EndProjectSection
EndProject
Global
	GlobalSection(SolutionConfigurationPlatforms) = preSolution
		Debug|x64 = Debug|x64
		Debug|x86 = Debug|x86
		Release|x64 = Release|x64
		Release|x86 = Release|x86
	EndGlobalSection
	GlobalSection(ProjectConfigurationPlatforms) = postSolution
		{F5AE799A-C8F6-4631-AF55-8303B37520DF}.Debug|x64.ActiveCfg = Debug|x64
		{F5AE799A-C8F6-4631-AF55-8303B37520DF}.Debug|x64.Build.0 = Debug|x64
		{F5AE799A-C8F6-4631-AF55-8303B37520DF}.Debug|x86.ActiveCfg = Debug|Win32
		{F5AE799A-C8F6-4631-AF55-8303B37520DF}.Debug|x86.Build.0 = Debug|Win32
		{F5AE799A-C8F6-4631-AF55-8303B37520DF}.Release|x64.ActiveCfg = Release|x64
		{F5AE799A-C8F6-4631-AF55-8303B37520DF}.Release|x64.Build.0 = Release|x64
		{F5AE799A-C8F6-4631-AF55-8303B37520DF}.Release|x86.ActiveCfg = Release|Win32
		{F5AE799A-C8F6-4631-AF55-8303B37520DF}.Release|x86.Build.0 = Release|Win32
		{43350DA7-F04F-46DF-AE4B-4ADB35D0CEF7}.Debug|x64.ActiveCfg = Debug|x64
		{43350DA7-F04F-46DF-AE4B-4ADB35D0CEF7}.Debug|x64.Build.0 = Debug|x64
		{43350DA7-F04F-46DF-AE4B-4ADB35D0CEF7}.Debug|x86.ActiveCfg = Debug|Win32
		{43350DA7-F04F-46DF-AE4B-4ADB35D0CEF7}.Debug|x86.Build.0 = Debug|Win32
		{43350DA7-F04F-46DF-AE4B-4ADB35D0CEF7}.Release|x64.ActiveCfg = Release|x64
		{43350DA7-F04F-46DF-AE4B-4ADB35D0CEF7}.Release|x64.Build.0 = Release|x64
		{43350DA7-F04F-46DF-AE4B-4ADB35D0CEF7}.Release|x86.ActiveCfg = Release|Win32
		{43350DA7-F04F-46DF-AE4B-4ADB35D0CEF7}.Release|x86.Build.0 = Release|Win32
		{78882255-74B9-4DED-9016-EFD9A502BD5D}.Debug|x64.ActiveCfg = Debug|x64
		{78882255-74B9-4DED-9016-EFD9A502BD5D}.Debug|x64.Build.0 = Debug|x64
		{78882255-74B9-4DED-9016-EFD9A502BD5D}.Debug|x86.ActiveCfg = Debug|Win32
		{78882255-74B9-4DED-9016-EFD9A502BD5D}.Debug|x86.Build.0 = Debug|Win32
		{78882255-74B9-4DED-9016-EFD9A502BD5D}.Release|x64.ActiveCfg = Release|x64
		{78882255-74B9-4DED-9016-EFD9A502BD5D}.Release|x64.Build.0 = Release|x64
		{78882255-74B9-4DED-9016-EFD9A502BD5D}.Release|x86.ActiveCfg = Release|Win32
		{78882255-74B9-4DED-9016-EFD9A502BD5D}.Release|x86.Build.0 = Release|Win32
		{97D575BC-5375-474E-A5C6-52C9623C7104}.Debug|x64.ActiveCfg = Debug|x64
		{97D575BC-5375-474E-A5C6-52C9623C7104}.Debug|x64.Build.0 = Debug|x64
		{97D575BC-5375-474E-A5C6-52C9623C7104}.Debug|x86.ActiveCfg = Debug|Win32
		{97D575BC-5375-474E-A5C6-52C9623C7104}.Debug|x86.Build.0 = Debug|Win32
		{97D575BC-5375-474E-A5C6-52C9623C7104}.Release|x64.ActiveCfg = Release|x64
		{97D575BC-5375-474E-A5C6-52C9623C7104}.Release|x64.Build.0 = Release|x64
		{97D575BC-5375-474E-A5C6-52C9623C7104}.Release|x86.ActiveCfg = Release|Win32
		{97D575BC-5375-474E-A5C6-52C9623C7104}.Release|x86.Build.0 = Release|Win32
	EndGlobalSection
	GlobalSection(SolutionProperties) = preSolution
		HideSolutionNode = FALSE
	EndGlobalSection
	GlobalSection(ExtensibilityGlobals) = postSolution
		SolutionGuid = {4791F738-BAB8-4BF0-B13E-4C5E370A774D}
	EndGlobalSection
EndGlobal
